
Microsoft Visual Studio Solution File, Format Version 12.00
# Visual Studio Version 17
VisualStudioVersion = 17.14.36221.1 d17.14
MinimumVisualStudioVersion = 10.0.40219.1
Project("{FAE04EC0-301F-11D3-BF4B-00C04F79EFBC}") = "APEX.Advanced", "APEX.Advanced.csproj", "{D6C3FB1B-32EA-4084-8A56-54F1B988C67F}"
EndProject
Global
	GlobalSection(SolutionConfigurationPlatforms) = preSolution
		Debug|x64 = Debug|x64
		Release|x64 = Release|x64
	EndGlobalSection
	GlobalSection(ProjectConfigurationPlatforms) = postSolution
		{D6C3FB1B-32EA-4084-8A56-54F1B988C67F}.Debug|x64.ActiveCfg = Debug|x64
		{D6C3FB1B-32EA-4084-8A56-54F1B988C67F}.Debug|x64.Build.0 = Debug|x64
		{D6C3FB1B-32EA-4084-8A56-54F1B988C67F}.Release|x64.ActiveCfg = Release|x64
		{D6C3FB1B-32EA-4084-8A56-54F1B988C67F}.Release|x64.Build.0 = Release|x64
	EndGlobalSection
	GlobalSection(SolutionProperties) = preSolution
		HideSolutionNode = FALSE
	EndGlobalSection
	GlobalSection(ExtensibilityGlobals) = postSolution
		SolutionGuid = {077D84FD-D608-454D-9689-16241B53080D}
	EndGlobalSection
EndGlobal
